PODS:
  - BinaryModule (0.0.1)

DEPENDENCIES:
  - BinaryModule (= 0.0.1)

SPEC REPOS:
  https://github.com/ShinesYoung/ShinesSpecs.git:
    - BinaryModule

SPEC CHECKSUMS:
  BinaryModule: 4f60221d85c4b45ba97c5f345b4631d9a60849f4

PODFILE CHECKSUM: 4e8730d827e1fdecec08e7e35c4011855cf6c5c5

COCOAPODS: 1.6.0
