PODS:
  - BinaryModule (0.0.3)

DEPENDENCIES:
  - BinaryModule (= 0.0.3)

SPEC REPOS:
  https://github.com/ShinesYoung/ShinesSpecs.git:
    - BinaryModule

SPEC CHECKSUMS:
  BinaryModule: 05d236cc13b5d4f88b829fa7b614d33b23ef4b83

PODFILE CHECKSUM: d4843177757053e502352894792f74e747ce6400

COCOAPODS: 1.6.0
