// !$*UTF8*$!
{
	archiveVersion = 1;
	classes = {
	};
	objectVersion = 50;
	objects = {

/* Begin PBXBuildFile section */
		7C2F0D37246654BF00EA1311 /* SampleModule.framework in Frameworks */ = {isa = PBXBuildFile; fileRef = 7C2F0D2D246654BE00EA1311 /* SampleModule.framework */; };
		7C2F0D3C246654BF00EA1311 /* SampleModuleTests.swift in Sources */ = {isa = PBXBuildFile; fileRef = 7C2F0D3B246654BF00EA1311 /* SampleModuleTests.swift */; };
		7C2F0D3E246654BF00EA1311 /* SampleModule.h in Headers */ = {isa = PBXBuildFile; fileRef = 7C2F0D30246654BE00EA1311 /* SampleModule.h */; settings = {ATTRIBUTES = (Public, ); }; };
		7C2F0D4B2466563900EA1311 /* PageOneVC.swift in Sources */ = {isa = PBXBuildFile; fileRef = 7C2F0D4A2466563900EA1311 /* PageOneVC.swift */; };
		7C2F0D4D2466567B00EA1311 /* PageTwoVC.swift in Sources */ = {isa = PBXBuildFile; fileRef = 7C2F0D4C2466567B00EA1311 /* PageTwoVC.swift */; };
		BE6850B825B15BB00013C567 /* SampleModule.podspec in Resources */ = {isa = PBXBuildFile; fileRef = BE6850B725B15BB00013C567 /* SampleModule.podspec */; };
		BE6850BC25B15C560013C567 /* SampleView.swift in Sources */ = {isa = PBXBuildFile; fileRef = BE6850BB25B15C560013C567 /* SampleView.swift */; };
		F4547A12A88470E4182A44DE /* Pods_SampleModule.framework in Frameworks */ = {isa = PBXBuildFile; fileRef = 23164D6A2A79C3CBEA34527A /* Pods_SampleModule.framework */; };
/* End PBXBuildFile section */

/* Begin PBXContainerItemProxy section */
		7C2F0D38246654BF00EA1311 /* PBXContainerItemProxy */ = {
			isa = PBXContainerItemProxy;
			containerPortal = 7C2F0D24246654BE00EA1311 /* Project object */;
			proxyType = 1;
			remoteGlobalIDString = 7C2F0D2C246654BE00EA1311;
			remoteInfo = SampleModule;
		};
/* End PBXContainerItemProxy section */

/* Begin PBXFileReference section */
		0B23DD580C5E42348509E241 /* Pods-SampleModule.debug.xcconfig */ = {isa = PBXFileReference; includeInIndex = 1; lastKnownFileType = text.xcconfig; name = "Pods-SampleModule.debug.xcconfig"; path = "Target Support Files/Pods-SampleModule/Pods-SampleModule.debug.xcconfig"; sourceTree = "<group>"; };
		23164D6A2A79C3CBEA34527A /* Pods_SampleModule.framework */ = {isa = PBXFileReference; explicitFileType = wrapper.framework; includeInIndex = 0; path = Pods_SampleModule.framework; sourceTree = BUILT_PRODUCTS_DIR; };
		7C2F0D2D246654BE00EA1311 /* SampleModule.framework */ = {isa = PBXFileReference; explicitFileType = wrapper.framework; includeInIndex = 0; path = SampleModule.framework; sourceTree = BUILT_PRODUCTS_DIR; };
		7C2F0D30246654BE00EA1311 /* SampleModule.h */ = {isa = PBXFileReference; lastKnownFileType = sourcecode.c.h; path = SampleModule.h; sourceTree = "<group>"; };
		7C2F0D31246654BE00EA1311 /* Info.plist */ = {isa = PBXFileReference; lastKnownFileType = text.plist.xml; path = Info.plist; sourceTree = "<group>"; };
		7C2F0D36246654BF00EA1311 /* SampleModuleTests.xctest */ = {isa = PBXFileReference; explicitFileType = wrapper.cfbundle; includeInIndex = 0; path = SampleModuleTests.xctest; sourceTree = BUILT_PRODUCTS_DIR; };
		7C2F0D3B246654BF00EA1311 /* SampleModuleTests.swift */ = {isa = PBXFileReference; lastKnownFileType = sourcecode.swift; path = SampleModuleTests.swift; sourceTree = "<group>"; };
		7C2F0D3D246654BF00EA1311 /* Info.plist */ = {isa = PBXFileReference; lastKnownFileType = text.plist.xml; path = Info.plist; sourceTree = "<group>"; };
		7C2F0D4A2466563900EA1311 /* PageOneVC.swift */ = {isa = PBXFileReference; lastKnownFileType = sourcecode.swift; path = PageOneVC.swift; sourceTree = "<group>"; };
		7C2F0D4C2466567B00EA1311 /* PageTwoVC.swift */ = {isa = PBXFileReference; lastKnownFileType = sourcecode.swift; path = PageTwoVC.swift; sourceTree = "<group>"; };
		B5AEADFCBD7CCCC51AF4834D /* Pods-SampleModule.release.xcconfig */ = {isa = PBXFileReference; includeInIndex = 1; lastKnownFileType = text.xcconfig; name = "Pods-SampleModule.release.xcconfig"; path = "Target Support Files/Pods-SampleModule/Pods-SampleModule.release.xcconfig"; sourceTree = "<group>"; };
		BE6850B725B15BB00013C567 /* SampleModule.podspec */ = {isa = PBXFileReference; fileEncoding = 4; lastKnownFileType = text; path = SampleModule.podspec; sourceTree = "<group>"; };
		BE6850BB25B15C560013C567 /* SampleView.swift */ = {isa = PBXFileReference; lastKnownFileType = sourcecode.swift; path = SampleView.swift; sourceTree = "<group>"; };
/* End PBXFileReference section */

/* Begin PBXFrameworksBuildPhase section */
		7C2F0D2A246654BE00EA1311 /* Frameworks */ = {
			isa = PBXFrameworksBuildPhase;
			buildActionMask = 2147483647;
			files = (
				F4547A12A88470E4182A44DE /* Pods_SampleModule.framework in Frameworks */,
			);
			runOnlyForDeploymentPostprocessing = 0;
		};
		7C2F0D33246654BF00EA1311 /* Frameworks */ = {
			isa = PBXFrameworksBuildPhase;
			buildActionMask = 2147483647;
			files = (
				7C2F0D37246654BF00EA1311 /* SampleModule.framework in Frameworks */,
			);
			runOnlyForDeploymentPostprocessing = 0;
		};
/* End PBXFrameworksBuildPhase section */

/* Begin PBXGroup section */
		4DEF58D3545371A6EEDAFBBC /* Frameworks */ = {
			isa = PBXGroup;
			children = (
				23164D6A2A79C3CBEA34527A /* Pods_SampleModule.framework */,
			);
			name = Frameworks;
			sourceTree = "<group>";
		};
		7C2F0D23246654BE00EA1311 = {
			isa = PBXGroup;
			children = (
				BE6850B625B15B9B0013C567 /* Podspec */,
				7C2F0D2F246654BE00EA1311 /* SampleModule */,
				7C2F0D3A246654BF00EA1311 /* SampleModuleTests */,
				7C2F0D2E246654BE00EA1311 /* Products */,
				7F60635CB0B382B1C4A55517 /* Pods */,
				4DEF58D3545371A6EEDAFBBC /* Frameworks */,
			);
			sourceTree = "<group>";
		};
		7C2F0D2E246654BE00EA1311 /* Products */ = {
			isa = PBXGroup;
			children = (
				7C2F0D2D246654BE00EA1311 /* SampleModule.framework */,
				7C2F0D36246654BF00EA1311 /* SampleModuleTests.xctest */,
			);
			name = Products;
			sourceTree = "<group>";
		};
		7C2F0D2F246654BE00EA1311 /* SampleModule */ = {
			isa = PBXGroup;
			children = (
				7C2F0D492466560700EA1311 /* Sources */,
				7C2F0D30246654BE00EA1311 /* SampleModule.h */,
				7C2F0D31246654BE00EA1311 /* Info.plist */,
			);
			path = SampleModule;
			sourceTree = "<group>";
		};
		7C2F0D3A246654BF00EA1311 /* SampleModuleTests */ = {
			isa = PBXGroup;
			children = (
				7C2F0D3B246654BF00EA1311 /* SampleModuleTests.swift */,
				7C2F0D3D246654BF00EA1311 /* Info.plist */,
			);
			path = SampleModuleTests;
			sourceTree = "<group>";
		};
		7C2F0D492466560700EA1311 /* Sources */ = {
			isa = PBXGroup;
			children = (
				7C2F0D4A2466563900EA1311 /* PageOneVC.swift */,
				7C2F0D4C2466567B00EA1311 /* PageTwoVC.swift */,
				BE6850BB25B15C560013C567 /* SampleView.swift */,
			);
			path = Sources;
			sourceTree = "<group>";
		};
		7F60635CB0B382B1C4A55517 /* Pods */ = {
			isa = PBXGroup;
			children = (
				0B23DD580C5E42348509E241 /* Pods-SampleModule.debug.xcconfig */,
				B5AEADFCBD7CCCC51AF4834D /* Pods-SampleModule.release.xcconfig */,
			);
			path = Pods;
			sourceTree = "<group>";
		};
		BE6850B625B15B9B0013C567 /* Podspec */ = {
			isa = PBXGroup;
			children = (
				BE6850B725B15BB00013C567 /* SampleModule.podspec */,
			);
			name = Podspec;
			sourceTree = "<group>";
		};
/* End PBXGroup section */

/* Begin PBXHeadersBuildPhase section */
		7C2F0D28246654BE00EA1311 /* Headers */ = {
			isa = PBXHeadersBuildPhase;
			buildActionMask = 2147483647;
			files = (
				7C2F0D3E246654BF00EA1311 /* SampleModule.h in Headers */,
			);
			runOnlyForDeploymentPostprocessing = 0;
		};
/* End PBXHeadersBuildPhase section */

/* Begin PBXNativeTarget section */
		7C2F0D2C246654BE00EA1311 /* SampleModule */ = {
			isa = PBXNativeTarget;
			buildConfigurationList = 7C2F0D41246654BF00EA1311 /* Build configuration list for PBXNativeTarget "SampleModule" */;
			buildPhases = (
				5D7E39EEA94B9BD0D5BDA99D /* [CP] Check Pods Manifest.lock */,
				7C2F0D28246654BE00EA1311 /* Headers */,
				7C2F0D29246654BE00EA1311 /* Sources */,
				7C2F0D2A246654BE00EA1311 /* Frameworks */,
				7C2F0D2B246654BE00EA1311 /* Resources */,
			);
			buildRules = (
			);
			dependencies = (
			);
			name = SampleModule;
			productName = SampleModule;
			productReference = 7C2F0D2D246654BE00EA1311 /* SampleModule.framework */;
			productType = "com.apple.product-type.framework";
		};
		7C2F0D35246654BF00EA1311 /* SampleModuleTests */ = {
			isa = PBXNativeTarget;
			buildConfigurationList = 7C2F0D44246654BF00EA1311 /* Build configuration list for PBXNativeTarget "SampleModuleTests" */;
			buildPhases = (
				7C2F0D32246654BF00EA1311 /* Sources */,
				7C2F0D33246654BF00EA1311 /* Frameworks */,
				7C2F0D34246654BF00EA1311 /* Resources */,
			);
			buildRules = (
			);
			dependencies = (
				7C2F0D39246654BF00EA1311 /* PBXTargetDependency */,
			);
			name = SampleModuleTests;
			productName = SampleModuleTests;
			productReference = 7C2F0D36246654BF00EA1311 /* SampleModuleTests.xctest */;
			productType = "com.apple.product-type.bundle.unit-test";
		};
/* End PBXNativeTarget section */

/* Begin PBXProject section */
		7C2F0D24246654BE00EA1311 /* Project object */ = {
			isa = PBXProject;
			attributes = {
				LastSwiftUpdateCheck = 1120;
				LastUpgradeCheck = 1120;
				ORGANIZATIONNAME = WiLL;
				TargetAttributes = {
					7C2F0D2C246654BE00EA1311 = {
						CreatedOnToolsVersion = 11.2.1;
						LastSwiftMigration = 1120;
					};
					7C2F0D35246654BF00EA1311 = {
						CreatedOnToolsVersion = 11.2.1;
					};
				};
			};
			buildConfigurationList = 7C2F0D27246654BE00EA1311 /* Build configuration list for PBXProject "SampleModule" */;
			compatibilityVersion = "Xcode 9.3";
			developmentRegion = en;
			hasScannedForEncodings = 0;
			knownRegions = (
				en,
				Base,
			);
			mainGroup = 7C2F0D23246654BE00EA1311;
			productRefGroup = 7C2F0D2E246654BE00EA1311 /* Products */;
			projectDirPath = "";
			projectRoot = "";
			targets = (
				7C2F0D2C246654BE00EA1311 /* SampleModule */,
				7C2F0D35246654BF00EA1311 /* SampleModuleTests */,
			);
		};
/* End PBXProject section */

/* Begin PBXResourcesBuildPhase section */
		7C2F0D2B246654BE00EA1311 /* Resources */ = {
			isa = PBXResourcesBuildPhase;
			buildActionMask = 2147483647;
			files = (
				BE6850B825B15BB00013C567 /* SampleModule.podspec in Resources */,
			);
			runOnlyForDeploymentPostprocessing = 0;
		};
		7C2F0D34246654BF00EA1311 /* Resources */ = {
			isa = PBXResourcesBuildPhase;
			buildActionMask = 2147483647;
			files = (
			);
			runOnlyForDeploymentPostprocessing = 0;
		};
/* End PBXResourcesBuildPhase section */

/* Begin PBXShellScriptBuildPhase section */
		5D7E39EEA94B9BD0D5BDA99D /* [CP] Check Pods Manifest.lock */ = {
			isa = PBXShellScriptBuildPhase;
			buildActionMask = 2147483647;
			files = (
			);
			inputFileListPaths = (
			);
			inputPaths = (
				"${PODS_PODFILE_DIR_PATH}/Podfile.lock",
				"${PODS_ROOT}/Manifest.lock",
			);
			name = "[CP] Check Pods Manifest.lock";
			outputFileListPaths = (
			);
			outputPaths = (
				"$(DERIVED_FILE_DIR)/Pods-SampleModule-checkManifestLockResult.txt",
			);
			runOnlyForDeploymentPostprocessing = 0;
			shellPath = /bin/sh;
			shellScript = "diff \"${PODS_PODFILE_DIR_PATH}/Podfile.lock\" \"${PODS_ROOT}/Manifest.lock\" > /dev/null\nif [ $? != 0 ] ; then\n    # print error to STDERR\n    echo \"error: The sandbox is not in sync with the Podfile.lock. Run 'pod install' or update your CocoaPods installation.\" >&2\n    exit 1\nfi\n# This output is used by Xcode 'outputs' to avoid re-running this script phase.\necho \"SUCCESS\" > \"${SCRIPT_OUTPUT_FILE_0}\"\n";
			showEnvVarsInLog = 0;
		};
/* End PBXShellScriptBuildPhase section */

/* Begin PBXSourcesBuildPhase section */
		7C2F0D29246654BE00EA1311 /* Sources */ = {
			isa = PBXSourcesBuildPhase;
			buildActionMask = 2147483647;
			files = (
				7C2F0D4D2466567B00EA1311 /* PageTwoVC.swift in Sources */,
				BE6850BC25B15C560013C567 /* SampleView.swift in Sources */,
				7C2F0D4B2466563900EA1311 /* PageOneVC.swift in Sources */,
			);
			runOnlyForDeploymentPostprocessing = 0;
		};
		7C2F0D32246654BF00EA1311 /* Sources */ = {
			isa = PBXSourcesBuildPhase;
			buildActionMask = 2147483647;
			files = (
				7C2F0D3C246654BF00EA1311 /* SampleModuleTests.swift in Sources */,
			);
			runOnlyForDeploymentPostprocessing = 0;
		};
/* End PBXSourcesBuildPhase section */

/* Begin PBXTargetDependency section */
		7C2F0D39246654BF00EA1311 /* PBXTargetDependency */ = {
			isa = PBXTargetDependency;
			target = 7C2F0D2C246654BE00EA1311 /* SampleModule */;
			targetProxy = 7C2F0D38246654BF00EA1311 /* PBXContainerItemProxy */;
		};
/* End PBXTargetDependency section */

/* Begin XCBuildConfiguration section */
		7C2F0D3F246654BF00EA1311 /* Debug */ = {
			isa = XCBuildConfiguration;
			buildSettings = {
				ALWAYS_SEARCH_USER_PATHS = NO;
				CLANG_ANALYZER_NONNULL = YES;
				CLANG_ANALYZER_NUMBER_OBJECT_CONVERSION = YES_AGGRESSIVE;
				CLANG_CXX_LANGUAGE_STANDARD = "gnu++14";
				CLANG_CXX_LIBRARY = "libc++";
				CLANG_ENABLE_MODULES = YES;
				CLANG_ENABLE_OBJC_ARC = YES;
				CLANG_ENABLE_OBJC_WEAK = YES;
				CLANG_WARN_BLOCK_CAPTURE_AUTORELEASING = YES;
				CLANG_WARN_BOOL_CONVERSION = YES;
				CLANG_WARN_COMMA = YES;
				CLANG_WARN_CONSTANT_CONVERSION = YES;
				CLANG_WARN_DEPRECATED_OBJC_IMPLEMENTATIONS = YES;
				CLANG_WARN_DIRECT_OBJC_ISA_USAGE = YES_ERROR;
				CLANG_WARN_DOCUMENTATION_COMMENTS = YES;
				CLANG_WARN_EMPTY_BODY = YES;
				CLANG_WARN_ENUM_CONVERSION = YES;
				CLANG_WARN_INFINITE_RECURSION = YES;
				CLANG_WARN_INT_CONVERSION = YES;
				CLANG_WARN_NON_LITERAL_NULL_CONVERSION = YES;
				CLANG_WARN_OBJC_IMPLICIT_RETAIN_SELF = YES;
				CLANG_WARN_OBJC_LITERAL_CONVERSION = YES;
				CLANG_WARN_OBJC_ROOT_CLASS = YES_ERROR;
				CLANG_WARN_RANGE_LOOP_ANALYSIS = YES;
				CLANG_WARN_STRICT_PROTOTYPES = YES;
				CLANG_WARN_SUSPICIOUS_MOVE = YES;
				CLANG_WARN_UNGUARDED_AVAILABILITY = YES_AGGRESSIVE;
				CLANG_WARN_UNREACHABLE_CODE = YES;
				CLANG_WARN__DUPLICATE_METHOD_MATCH = YES;
				COPY_PHASE_STRIP = NO;
				CURRENT_PROJECT_VERSION = 1;
				DEBUG_INFORMATION_FORMAT = dwarf;
				ENABLE_STRICT_OBJC_MSGSEND = YES;
				ENABLE_TESTABILITY = YES;
				GCC_C_LANGUAGE_STANDARD = gnu11;
				GCC_DYNAMIC_NO_PIC = NO;
				GCC_NO_COMMON_BLOCKS = YES;
				GCC_OPTIMIZATION_LEVEL = 0;
				GCC_PREPROCESSOR_DEFINITIONS = (
					"DEBUG=1",
					"$(inherited)",
				);
				GCC_WARN_64_TO_32_BIT_CONVERSION = YES;
				GCC_WARN_ABOUT_RETURN_TYPE = YES_ERROR;
				GCC_WARN_UNDECLARED_SELECTOR = YES;
				GCC_WARN_UNINITIALIZED_AUTOS = YES_AGGRESSIVE;
				GCC_WARN_UNUSED_FUNCTION = YES;
				GCC_WARN_UNUSED_VARIABLE = YES;
				IPHONEOS_DEPLOYMENT_TARGET = 13.2;
				MTL_ENABLE_DEBUG_INFO = INCLUDE_SOURCE;
				MTL_FAST_MATH = YES;
				ONLY_ACTIVE_ARCH = YES;
				SDKROOT = iphoneos;
				SWIFT_ACTIVE_COMPILATION_CONDITIONS = DEBUG;
				SWIFT_OPTIMIZATION_LEVEL = "-Onone";
				VERSIONING_SYSTEM = "apple-generic";
				VERSION_INFO_PREFIX = "";
			};
			name = Debug;
		};
		7C2F0D40246654BF00EA1311 /* Release */ = {
			isa = XCBuildConfiguration;
			buildSettings = {
				ALWAYS_SEARCH_USER_PATHS = NO;
				CLANG_ANALYZER_NONNULL = YES;
				CLANG_ANALYZER_NUMBER_OBJECT_CONVERSION = YES_AGGRESSIVE;
				CLANG_CXX_LANGUAGE_STANDARD = "gnu++14";
				CLANG_CXX_LIBRARY = "libc++";
				CLANG_ENABLE_MODULES = YES;
				CLANG_ENABLE_OBJC_ARC = YES;
				CLANG_ENABLE_OBJC_WEAK = YES;
				CLANG_WARN_BLOCK_CAPTURE_AUTORELEASING = YES;
				CLANG_WARN_BOOL_CONVERSION = YES;
				CLANG_WARN_COMMA = YES;
				CLANG_WARN_CONSTANT_CONVERSION = YES;
				CLANG_WARN_DEPRECATED_OBJC_IMPLEMENTATIONS = YES;
				CLANG_WARN_DIRECT_OBJC_ISA_USAGE = YES_ERROR;
				CLANG_WARN_DOCUMENTATION_COMMENTS = YES;
				CLANG_WARN_EMPTY_BODY = YES;
				CLANG_WARN_ENUM_CONVERSION = YES;
				CLANG_WARN_INFINITE_RECURSION = YES;
				CLANG_WARN_INT_CONVERSION = YES;
				CLANG_WARN_NON_LITERAL_NULL_CONVERSION = YES;
				CLANG_WARN_OBJC_IMPLICIT_RETAIN_SELF = YES;
				CLANG_WARN_OBJC_LITERAL_CONVERSION = YES;
				CLANG_WARN_OBJC_ROOT_CLASS = YES_ERROR;
				CLANG_WARN_RANGE_LOOP_ANALYSIS = YES;
				CLANG_WARN_STRICT_PROTOTYPES = YES;
				CLANG_WARN_SUSPICIOUS_MOVE = YES;
				CLANG_WARN_UNGUARDED_AVAILABILITY = YES_AGGRESSIVE;
				CLANG_WARN_UNREACHABLE_CODE = YES;
				CLANG_WARN__DUPLICATE_METHOD_MATCH = YES;
				COPY_PHASE_STRIP = NO;
				CURRENT_PROJECT_VERSION = 1;
				DEBUG_INFORMATION_FORMAT = "dwarf-with-dsym";
				ENABLE_NS_ASSERTIONS = NO;
				ENABLE_STRICT_OBJC_MSGSEND = YES;
				GCC_C_LANGUAGE_STANDARD = gnu11;
				GCC_NO_COMMON_BLOCKS = YES;
				GCC_WARN_64_TO_32_BIT_CONVERSION = YES;
				GCC_WARN_ABOUT_RETURN_TYPE = YES_ERROR;
				GCC_WARN_UNDECLARED_SELECTOR = YES;
				GCC_WARN_UNINITIALIZED_AUTOS = YES_AGGRESSIVE;
				GCC_WARN_UNUSED_FUNCTION = YES;
				GCC_WARN_UNUSED_VARIABLE = YES;
				IPHONEOS_DEPLOYMENT_TARGET = 13.2;
				MTL_ENABLE_DEBUG_INFO = NO;
				MTL_FAST_MATH = YES;
				SDKROOT = iphoneos;
				SWIFT_COMPILATION_MODE = wholemodule;
				SWIFT_OPTIMIZATION_LEVEL = "-O";
				VALIDATE_PRODUCT = YES;
				VERSIONING_SYSTEM = "apple-generic";
				VERSION_INFO_PREFIX = "";
			};
			name = Release;
		};
		7C2F0D42246654BF00EA1311 /* Debug */ = {
			isa = XCBuildConfiguration;
			baseConfigurationReference = 0B23DD580C5E42348509E241 /* Pods-SampleModule.debug.xcconfig */;
			buildSettings = {
				CLANG_ENABLE_MODULES = YES;
				CODE_SIGN_STYLE = Automatic;
				DEFINES_MODULE = YES;
				DEVELOPMENT_TEAM = 3J97UM237A;
				DYLIB_COMPATIBILITY_VERSION = 1;
				DYLIB_CURRENT_VERSION = 1;
				DYLIB_INSTALL_NAME_BASE = "@rpath";
				INFOPLIST_FILE = SampleModule/Info.plist;
				INSTALL_PATH = "$(LOCAL_LIBRARY_DIR)/Frameworks";
				IPHONEOS_DEPLOYMENT_TARGET = 8.0;
				LD_RUNPATH_SEARCH_PATHS = (
					"$(inherited)",
					"@executable_path/Frameworks",
					"@loader_path/Frameworks",
				);
				MACH_O_TYPE = mh_dylib;
				PRODUCT_BUNDLE_IDENTIFIER = net.shines.SampleModule;
				PRODUCT_NAME = "$(TARGET_NAME:c99extidentifier)";
				SKIP_INSTALL = YES;
				SUPPORTS_MACCATALYST = NO;
				SWIFT_OPTIMIZATION_LEVEL = "-Onone";
				SWIFT_VERSION = 5.0;
				TARGETED_DEVICE_FAMILY = "1,2";
			};
			name = Debug;
		};
		7C2F0D43246654BF00EA1311 /* Release */ = {
			isa = XCBuildConfiguration;
			baseConfigurationReference = B5AEADFCBD7CCCC51AF4834D /* Pods-SampleModule.release.xcconfig */;
			buildSettings = {
				CLANG_ENABLE_MODULES = YES;
				CODE_SIGN_STYLE = Automatic;
				DEFINES_MODULE = YES;
				DEVELOPMENT_TEAM = 3J97UM237A;
				DYLIB_COMPATIBILITY_VERSION = 1;
				DYLIB_CURRENT_VERSION = 1;
				DYLIB_INSTALL_NAME_BASE = "@rpath";
				INFOPLIST_FILE = SampleModule/Info.plist;
				INSTALL_PATH = "$(LOCAL_LIBRARY_DIR)/Frameworks";
				IPHONEOS_DEPLOYMENT_TARGET = 8.0;
				LD_RUNPATH_SEARCH_PATHS = (
					"$(inherited)",
					"@executable_path/Frameworks",
					"@loader_path/Frameworks",
				);
				MACH_O_TYPE = mh_dylib;
				PRODUCT_BUNDLE_IDENTIFIER = net.shines.SampleModule;
				PRODUCT_NAME = "$(TARGET_NAME:c99extidentifier)";
				SKIP_INSTALL = YES;
				SUPPORTS_MACCATALYST = NO;
				SWIFT_VERSION = 5.0;
				TARGETED_DEVICE_FAMILY = "1,2";
			};
			name = Release;
		};
		7C2F0D45246654BF00EA1311 /* Debug */ = {
			isa = XCBuildConfiguration;
			buildSettings = {
				ALWAYS_EMBED_SWIFT_STANDARD_LIBRARIES = YES;
				CODE_SIGN_STYLE = Automatic;
				DEVELOPMENT_TEAM = 3J97UM237A;
				INFOPLIST_FILE = SampleModuleTests/Info.plist;
				LD_RUNPATH_SEARCH_PATHS = (
					"$(inherited)",
					"@executable_path/Frameworks",
					"@loader_path/Frameworks",
				);
				PRODUCT_BUNDLE_IDENTIFIER = net.shines.SampleModuleTests;
				PRODUCT_NAME = "$(TARGET_NAME)";
				SWIFT_VERSION = 5.0;
				TARGETED_DEVICE_FAMILY = "1,2";
			};
			name = Debug;
		};
		7C2F0D46246654BF00EA1311 /* Release */ = {
			isa = XCBuildConfiguration;
			buildSettings = {
				ALWAYS_EMBED_SWIFT_STANDARD_LIBRARIES = YES;
				CODE_SIGN_STYLE = Automatic;
				DEVELOPMENT_TEAM = 3J97UM237A;
				INFOPLIST_FILE = SampleModuleTests/Info.plist;
				LD_RUNPATH_SEARCH_PATHS = (
					"$(inherited)",
					"@executable_path/Frameworks",
					"@loader_path/Frameworks",
				);
				PRODUCT_BUNDLE_IDENTIFIER = net.shines.SampleModuleTests;
				PRODUCT_NAME = "$(TARGET_NAME)";
				SWIFT_VERSION = 5.0;
				TARGETED_DEVICE_FAMILY = "1,2";
			};
			name = Release;
		};
/* End XCBuildConfiguration section */

/* Begin XCConfigurationList section */
		7C2F0D27246654BE00EA1311 /* Build configuration list for PBXProject "SampleModule" */ = {
			isa = XCConfigurationList;
			buildConfigurations = (
				7C2F0D3F246654BF00EA1311 /* Debug */,
				7C2F0D40246654BF00EA1311 /* Release */,
			);
			defaultConfigurationIsVisible = 0;
			defaultConfigurationName = Release;
		};
		7C2F0D41246654BF00EA1311 /* Build configuration list for PBXNativeTarget "SampleModule" */ = {
			isa = XCConfigurationList;
			buildConfigurations = (
				7C2F0D42246654BF00EA1311 /* Debug */,
				7C2F0D43246654BF00EA1311 /* Release */,
			);
			defaultConfigurationIsVisible = 0;
			defaultConfigurationName = Release;
		};
		7C2F0D44246654BF00EA1311 /* Build configuration list for PBXNativeTarget "SampleModuleTests" */ = {
			isa = XCConfigurationList;
			buildConfigurations = (
				7C2F0D45246654BF00EA1311 /* Debug */,
				7C2F0D46246654BF00EA1311 /* Release */,
			);
			defaultConfigurationIsVisible = 0;
			defaultConfigurationName = Release;
		};
/* End XCConfigurationList section */
	};
	rootObject = 7C2F0D24246654BE00EA1311 /* Project object */;
}
